
Microsoft Visual Studio Solution File, Format Version 12.00
# Visual Studio Version 17
VisualStudioVersion = 17.9.34728.123
MinimumVisualStudioVersion = 10.0.40219.1
Project("{FAE04EC0-301F-11D3-BF4B-00C04F79EFBC}") = "module-17", "module-17\module-17.csproj", "{B9FD90B5-5F6A-49F5-9B4B-F75C5598AD8B}"
EndProject
Global
	GlobalSection(SolutionConfigurationPlatforms) = preSolution
		Debug|Any CPU = Debug|Any CPU
		Release|Any CPU = Release|Any CPU
	EndGlobalSection
	GlobalSection(ProjectConfigurationPlatforms) = postSolution
		{B9FD90B5-5F6A-49F5-9B4B-F75C5598AD8B}.Debug|Any CPU.ActiveCfg = Debug|Any CPU
		{B9FD90B5-5F6A-49F5-9B4B-F75C5598AD8B}.Debug|Any CPU.Build.0 = Debug|Any CPU
		{B9FD90B5-5F6A-49F5-9B4B-F75C5598AD8B}.Release|Any CPU.ActiveCfg = Release|Any CPU
		{B9FD90B5-5F6A-49F5-9B4B-F75C5598AD8B}.Release|Any CPU.Build.0 = Release|Any CPU
	EndGlobalSection
	GlobalSection(SolutionProperties) = preSolution
		HideSolutionNode = FALSE
	EndGlobalSection
	GlobalSection(ExtensibilityGlobals) = postSolution
		SolutionGuid = {E4AF2BEA-AF5F-47E6-81B9-1B122A65BD41}
	EndGlobalSection
EndGlobal
